
Microsoft Visual Studio Solution File, Format Version 12.00
# Visual Studio 14
VisualStudioVersion = 14.0.23107.0
MinimumVisualStudioVersion = 10.0.40219.1
Project("{FAE04EC0-301F-11D3-BF4B-00C04F79EFBC}") = "MeHZ.HeroLab2MapTool.Core", "src\MeHZ.HeroLab2Maptool.Core\MeHZ.HeroLab2MapTool.Core.csproj", "{9DB0F879-F4E8-406D-9E1D-B35401A8F65A}"
EndProject
Project("{FAE04EC0-301F-11D3-BF4B-00C04F79EFBC}") = "MeHZ.HeroLab2MapTool.Test", "src\MeHZ.HeroLab2MapTool.Test\MeHZ.HeroLab2MapTool.Test.csproj", "{366FBDE4-60A5-47A6-B2FA-EAEFFF86039B}"
EndProject
Project("{2150E333-8FDC-42A3-9474-1A3956D46DE8}") = "Solution Items", "Solution Items", "{45C1A1B0-DC84-4351-8FD7-62D743533395}"
	ProjectSection(SolutionItems) = preProject
		hl2mt-next.conf = hl2mt-next.conf
	EndProjectSection
EndProject
Global
	GlobalSection(SolutionConfigurationPlatforms) = preSolution
		Debug|Any CPU = Debug|Any CPU
		Release|Any CPU = Release|Any CPU
	EndGlobalSection
	GlobalSection(ProjectConfigurationPlatforms) = postSolution
		{9DB0F879-F4E8-406D-9E1D-B35401A8F65A}.Debug|Any CPU.ActiveCfg = Debug|Any CPU
		{9DB0F879-F4E8-406D-9E1D-B35401A8F65A}.Debug|Any CPU.Build.0 = Debug|Any CPU
		{9DB0F879-F4E8-406D-9E1D-B35401A8F65A}.Release|Any CPU.ActiveCfg = Release|Any CPU
		{9DB0F879-F4E8-406D-9E1D-B35401A8F65A}.Release|Any CPU.Build.0 = Release|Any CPU
		{366FBDE4-60A5-47A6-B2FA-EAEFFF86039B}.Debug|Any CPU.ActiveCfg = Debug|Any CPU
		{366FBDE4-60A5-47A6-B2FA-EAEFFF86039B}.Debug|Any CPU.Build.0 = Debug|Any CPU
		{366FBDE4-60A5-47A6-B2FA-EAEFFF86039B}.Release|Any CPU.ActiveCfg = Release|Any CPU
		{366FBDE4-60A5-47A6-B2FA-EAEFFF86039B}.Release|Any CPU.Build.0 = Release|Any CPU
	EndGlobalSection
	GlobalSection(SolutionProperties) = preSolution
		HideSolutionNode = FALSE
	EndGlobalSection
EndGlobal
