
Microsoft Visual Studio Solution File, Format Version 12.00
# Visual Studio 14
VisualStudioVersion = 14.0.23107.0
MinimumVisualStudioVersion = 10.0.40219.1
Project("{FAE04EC0-301F-11D3-BF4B-00C04F79EFBC}") = "MeHZ.HeroLab2MapTool.Core", "src\MeHZ.HeroLab2Maptool.Core\MeHZ.HeroLab2MapTool.Core.csproj", "{9DB0F879-F4E8-406D-9E1D-B35401A8F65A}"
EndProject
Project("{FAE04EC0-301F-11D3-BF4B-00C04F79EFBC}") = "MeHZ.HeroLab2MapTool.Test", "src\MeHZ.HeroLab2MapTool.Test\MeHZ.HeroLab2MapTool.Test.csproj", "{366FBDE4-60A5-47A6-B2FA-EAEFFF86039B}"
EndProject
Project("{FAE04EC0-301F-11D3-BF4B-00C04F79EFBC}") = "MeHZ.HeroLab2MapTool.App", "src\MeHZ.HeroLab2MapTool.App\MeHZ.HeroLab2MapTool.App.csproj", "{DC43EF00-EADC-4762-B03B-A6C3204A1C6F}"
EndProject
Global
	GlobalSection(SolutionConfigurationPlatforms) = preSolution
		Debug|Any CPU = Debug|Any CPU
		Release|Any CPU = Release|Any CPU
	EndGlobalSection
	GlobalSection(ProjectConfigurationPlatforms) = postSolution
		{9DB0F879-F4E8-406D-9E1D-B35401A8F65A}.Debug|Any CPU.ActiveCfg = Debug|Any CPU
		{9DB0F879-F4E8-406D-9E1D-B35401A8F65A}.Debug|Any CPU.Build.0 = Debug|Any CPU
		{9DB0F879-F4E8-406D-9E1D-B35401A8F65A}.Release|Any CPU.ActiveCfg = Release|Any CPU
		{9DB0F879-F4E8-406D-9E1D-B35401A8F65A}.Release|Any CPU.Build.0 = Release|Any CPU
		{366FBDE4-60A5-47A6-B2FA-EAEFFF86039B}.Debug|Any CPU.ActiveCfg = Debug|Any CPU
		{366FBDE4-60A5-47A6-B2FA-EAEFFF86039B}.Debug|Any CPU.Build.0 = Debug|Any CPU
		{366FBDE4-60A5-47A6-B2FA-EAEFFF86039B}.Release|Any CPU.ActiveCfg = Release|Any CPU
		{366FBDE4-60A5-47A6-B2FA-EAEFFF86039B}.Release|Any CPU.Build.0 = Release|Any CPU
		{DC43EF00-EADC-4762-B03B-A6C3204A1C6F}.Debug|Any CPU.ActiveCfg = Debug|Any CPU
		{DC43EF00-EADC-4762-B03B-A6C3204A1C6F}.Debug|Any CPU.Build.0 = Debug|Any CPU
		{DC43EF00-EADC-4762-B03B-A6C3204A1C6F}.Release|Any CPU.ActiveCfg = Release|Any CPU
		{DC43EF00-EADC-4762-B03B-A6C3204A1C6F}.Release|Any CPU.Build.0 = Release|Any CPU
	EndGlobalSection
	GlobalSection(SolutionProperties) = preSolution
		HideSolutionNode = FALSE
	EndGlobalSection
EndGlobal
